
Microsoft Visual Studio Solution File, Format Version 12.00
# Visual Studio Version 16
VisualStudioVersion = 16.0.30804.86
MinimumVisualStudioVersion = 10.0.40219.1
Project("{FAE04EC0-301F-11D3-BF4B-00C04F79EFBC}") = "Game-groep", "Game-groep\Game-groep.csproj", "{B37FD099-79FE-44BB-B87B-06130693EDA6}"
EndProject
Global
	GlobalSection(SolutionConfigurationPlatforms) = preSolution
		Debug|Any CPU = Debug|Any CPU
		Release|Any CPU = Release|Any CPU
	EndGlobalSection
	GlobalSection(ProjectConfigurationPlatforms) = postSolution
		{B37FD099-79FE-44BB-B87B-06130693EDA6}.Debug|Any CPU.ActiveCfg = Debug|Any CPU
		{B37FD099-79FE-44BB-B87B-06130693EDA6}.Debug|Any CPU.Build.0 = Debug|Any CPU
		{B37FD099-79FE-44BB-B87B-06130693EDA6}.Release|Any CPU.ActiveCfg = Release|Any CPU
		{B37FD099-79FE-44BB-B87B-06130693EDA6}.Release|Any CPU.Build.0 = Release|Any CPU
	EndGlobalSection
	GlobalSection(SolutionProperties) = preSolution
		HideSolutionNode = FALSE
	EndGlobalSection
	GlobalSection(ExtensibilityGlobals) = postSolution
		SolutionGuid = {690CE348-2DFC-45D7-A010-848BF318BF9A}
	EndGlobalSection
EndGlobal
